
Microsoft Visual Studio Solution File, Format Version 12.00
# Visual Studio Version 17
VisualStudioVersion = 17.0.32014.148
MinimumVisualStudioVersion = 10.0.40219.1
Project("{9A19103F-16F7-4668-BE54-9A1E7A4F7556}") = "NS.WEB.FOODORD", "NS.WEB.FOODORD\NS.WEB.FOODORD.csproj", "{613A5513-8178-4F89-A5CF-1E79513AC505}"
EndProject
Project("{9A19103F-16F7-4668-BE54-9A1E7A4F7556}") = "NS.WEB.DATABASE", "NS.WEB.DATABASE\NS.WEB.DATABASE.csproj", "{89E3B694-C6F8-45E7-BFBA-16B400EEB811}"
EndProject
Project("{9A19103F-16F7-4668-BE54-9A1E7A4F7556}") = "NS.WEB.REPOSITARY", "NS.WEB.REPOSITARY\NS.WEB.REPOSITARY.csproj", "{615D64EE-F60F-468F-B762-7C0354761343}"
EndProject
Project("{9A19103F-16F7-4668-BE54-9A1E7A4F7556}") = "NS.WEB.BUSSINESS", "NS.WEB.BUSSINESS\NS.WEB.BUSSINESS.csproj", "{AD1C2D93-7DD0-47AF-A34B-B560A2B518DE}"
EndProject
Project("{FAE04EC0-301F-11D3-BF4B-00C04F79EFBC}") = "NS.WEB.LOGINREPO", "NS.WEB.LOGINREPO\NS.WEB.LOGINREPO.csproj", "{215E0C49-9E8C-4CF4-96C8-BC8E784D309B}"
EndProject
Project("{FAE04EC0-301F-11D3-BF4B-00C04F79EFBC}") = "NS.WEB.LOGINBUSSINESS", "NS.WEB.LOGINBUSSINESS\NS.WEB.LOGINBUSSINESS.csproj", "{7AFBDF41-F5C5-4A63-9F84-3AC02DA8A88E}"
EndProject
Project("{FAE04EC0-301F-11D3-BF4B-00C04F79EFBC}") = "NS.WEB.MODEL", "NS.WEB.MODEL\NS.WEB.MODEL.csproj", "{7427C86E-B2F0-44C2-8113-6E3BBCB7C613}"
EndProject
Global
	GlobalSection(SolutionConfigurationPlatforms) = preSolution
		Debug|Any CPU = Debug|Any CPU
		Release|Any CPU = Release|Any CPU
	EndGlobalSection
	GlobalSection(ProjectConfigurationPlatforms) = postSolution
		{613A5513-8178-4F89-A5CF-1E79513AC505}.Debug|Any CPU.ActiveCfg = Debug|Any CPU
		{613A5513-8178-4F89-A5CF-1E79513AC505}.Debug|Any CPU.Build.0 = Debug|Any CPU
		{613A5513-8178-4F89-A5CF-1E79513AC505}.Release|Any CPU.ActiveCfg = Release|Any CPU
		{613A5513-8178-4F89-A5CF-1E79513AC505}.Release|Any CPU.Build.0 = Release|Any CPU
		{89E3B694-C6F8-45E7-BFBA-16B400EEB811}.Debug|Any CPU.ActiveCfg = Debug|Any CPU
		{89E3B694-C6F8-45E7-BFBA-16B400EEB811}.Debug|Any CPU.Build.0 = Debug|Any CPU
		{89E3B694-C6F8-45E7-BFBA-16B400EEB811}.Release|Any CPU.ActiveCfg = Release|Any CPU
		{89E3B694-C6F8-45E7-BFBA-16B400EEB811}.Release|Any CPU.Build.0 = Release|Any CPU
		{615D64EE-F60F-468F-B762-7C0354761343}.Debug|Any CPU.ActiveCfg = Debug|Any CPU
		{615D64EE-F60F-468F-B762-7C0354761343}.Debug|Any CPU.Build.0 = Debug|Any CPU
		{615D64EE-F60F-468F-B762-7C0354761343}.Release|Any CPU.ActiveCfg = Release|Any CPU
		{615D64EE-F60F-468F-B762-7C0354761343}.Release|Any CPU.Build.0 = Release|Any CPU
		{AD1C2D93-7DD0-47AF-A34B-B560A2B518DE}.Debug|Any CPU.ActiveCfg = Debug|Any CPU
		{AD1C2D93-7DD0-47AF-A34B-B560A2B518DE}.Debug|Any CPU.Build.0 = Debug|Any CPU
		{AD1C2D93-7DD0-47AF-A34B-B560A2B518DE}.Release|Any CPU.ActiveCfg = Release|Any CPU
		{AD1C2D93-7DD0-47AF-A34B-B560A2B518DE}.Release|Any CPU.Build.0 = Release|Any CPU
		{215E0C49-9E8C-4CF4-96C8-BC8E784D309B}.Debug|Any CPU.ActiveCfg = Debug|Any CPU
		{215E0C49-9E8C-4CF4-96C8-BC8E784D309B}.Debug|Any CPU.Build.0 = Debug|Any CPU
		{215E0C49-9E8C-4CF4-96C8-BC8E784D309B}.Release|Any CPU.ActiveCfg = Release|Any CPU
		{215E0C49-9E8C-4CF4-96C8-BC8E784D309B}.Release|Any CPU.Build.0 = Release|Any CPU
		{7AFBDF41-F5C5-4A63-9F84-3AC02DA8A88E}.Debug|Any CPU.ActiveCfg = Debug|Any CPU
		{7AFBDF41-F5C5-4A63-9F84-3AC02DA8A88E}.Debug|Any CPU.Build.0 = Debug|Any CPU
		{7AFBDF41-F5C5-4A63-9F84-3AC02DA8A88E}.Release|Any CPU.ActiveCfg = Release|Any CPU
		{7AFBDF41-F5C5-4A63-9F84-3AC02DA8A88E}.Release|Any CPU.Build.0 = Release|Any CPU
		{7427C86E-B2F0-44C2-8113-6E3BBCB7C613}.Debug|Any CPU.ActiveCfg = Debug|Any CPU
		{7427C86E-B2F0-44C2-8113-6E3BBCB7C613}.Debug|Any CPU.Build.0 = Debug|Any CPU
		{7427C86E-B2F0-44C2-8113-6E3BBCB7C613}.Release|Any CPU.ActiveCfg = Release|Any CPU
		{7427C86E-B2F0-44C2-8113-6E3BBCB7C613}.Release|Any CPU.Build.0 = Release|Any CPU
	EndGlobalSection
	GlobalSection(SolutionProperties) = preSolution
		HideSolutionNode = FALSE
	EndGlobalSection
	GlobalSection(ExtensibilityGlobals) = postSolution
		SolutionGuid = {4B672B1B-832C-43CF-8A84-6EEE1073B38A}
	EndGlobalSection
EndGlobal
